
Microsoft Visual Studio Solution File, Format Version 12.00
# Visual Studio Version 17
VisualStudioVersion = 17.0.31903.59
MinimumVisualStudioVersion = 10.0.40219.1
Project("{2150E333-8FDC-42A3-9474-1A3956D46DE8}") = "src", "src", "{827E0CD3-B72D-47B6-A68D-7590B98EB39B}"
EndProject
Project("{FAE04EC0-301F-11D3-BF4B-00C04F79EFBC}") = "API", "src\API\API.csproj", "{D302A112-DB3D-4048-ADAD-1D34A2E3CC16}"
EndProject
Project("{FAE04EC0-301F-11D3-BF4B-00C04F79EFBC}") = "Infrastructure", "src\Infrastructure\Infrastructure.csproj", "{3BE97C99-4964-4C8A-9CCE-E7C7D9939B20}"
EndProject
Project("{FAE04EC0-301F-11D3-BF4B-00C04F79EFBC}") = "Core", "src\Core\Core.csproj", "{B3FC14C7-23BD-4990-B808-3C44E34F9948}"
EndProject
Project("{2150E333-8FDC-42A3-9474-1A3956D46DE8}") = "tests", "tests", "{0AB3BF05-4346-4AA6-1389-037BE0695223}"
EndProject
Project("{FAE04EC0-301F-11D3-BF4B-00C04F79EFBC}") = "Core.Tests", "tests\Core.Tests\Core.Tests.csproj", "{EE45CEF9-FD1A-4855-8740-9AE305AB7B0C}"
EndProject
Global
	GlobalSection(SolutionConfigurationPlatforms) = preSolution
		Debug|Any CPU = Debug|Any CPU
		Debug|x64 = Debug|x64
		Debug|x86 = Debug|x86
		Release|Any CPU = Release|Any CPU
		Release|x64 = Release|x64
		Release|x86 = Release|x86
	EndGlobalSection
	GlobalSection(ProjectConfigurationPlatforms) = postSolution
		{D302A112-DB3D-4048-ADAD-1D34A2E3CC16}.Debug|Any CPU.ActiveCfg = Debug|Any CPU
		{D302A112-DB3D-4048-ADAD-1D34A2E3CC16}.Debug|Any CPU.Build.0 = Debug|Any CPU
		{D302A112-DB3D-4048-ADAD-1D34A2E3CC16}.Debug|x64.ActiveCfg = Debug|Any CPU
		{D302A112-DB3D-4048-ADAD-1D34A2E3CC16}.Debug|x64.Build.0 = Debug|Any CPU
		{D302A112-DB3D-4048-ADAD-1D34A2E3CC16}.Debug|x86.ActiveCfg = Debug|Any CPU
		{D302A112-DB3D-4048-ADAD-1D34A2E3CC16}.Debug|x86.Build.0 = Debug|Any CPU
		{D302A112-DB3D-4048-ADAD-1D34A2E3CC16}.Release|Any CPU.ActiveCfg = Release|Any CPU
		{D302A112-DB3D-4048-ADAD-1D34A2E3CC16}.Release|Any CPU.Build.0 = Release|Any CPU
		{D302A112-DB3D-4048-ADAD-1D34A2E3CC16}.Release|x64.ActiveCfg = Release|Any CPU
		{D302A112-DB3D-4048-ADAD-1D34A2E3CC16}.Release|x64.Build.0 = Release|Any CPU
		{D302A112-DB3D-4048-ADAD-1D34A2E3CC16}.Release|x86.ActiveCfg = Release|Any CPU
		{D302A112-DB3D-4048-ADAD-1D34A2E3CC16}.Release|x86.Build.0 = Release|Any CPU
		{3BE97C99-4964-4C8A-9CCE-E7C7D9939B20}.Debug|Any CPU.ActiveCfg = Debug|Any CPU
		{3BE97C99-4964-4C8A-9CCE-E7C7D9939B20}.Debug|Any CPU.Build.0 = Debug|Any CPU
		{3BE97C99-4964-4C8A-9CCE-E7C7D9939B20}.Debug|x64.ActiveCfg = Debug|Any CPU
		{3BE97C99-4964-4C8A-9CCE-E7C7D9939B20}.Debug|x64.Build.0 = Debug|Any CPU
		{3BE97C99-4964-4C8A-9CCE-E7C7D9939B20}.Debug|x86.ActiveCfg = Debug|Any CPU
		{3BE97C99-4964-4C8A-9CCE-E7C7D9939B20}.Debug|x86.Build.0 = Debug|Any CPU
		{3BE97C99-4964-4C8A-9CCE-E7C7D9939B20}.Release|Any CPU.ActiveCfg = Release|Any CPU
		{3BE97C99-4964-4C8A-9CCE-E7C7D9939B20}.Release|Any CPU.Build.0 = Release|Any CPU
		{3BE97C99-4964-4C8A-9CCE-E7C7D9939B20}.Release|x64.ActiveCfg = Release|Any CPU
		{3BE97C99-4964-4C8A-9CCE-E7C7D9939B20}.Release|x64.Build.0 = Release|Any CPU
		{3BE97C99-4964-4C8A-9CCE-E7C7D9939B20}.Release|x86.ActiveCfg = Release|Any CPU
		{3BE97C99-4964-4C8A-9CCE-E7C7D9939B20}.Release|x86.Build.0 = Release|Any CPU
		{B3FC14C7-23BD-4990-B808-3C44E34F9948}.Debug|Any CPU.ActiveCfg = Debug|Any CPU
		{B3FC14C7-23BD-4990-B808-3C44E34F9948}.Debug|Any CPU.Build.0 = Debug|Any CPU
		{B3FC14C7-23BD-4990-B808-3C44E34F9948}.Debug|x64.ActiveCfg = Debug|Any CPU
		{B3FC14C7-23BD-4990-B808-3C44E34F9948}.Debug|x64.Build.0 = Debug|Any CPU
		{B3FC14C7-23BD-4990-B808-3C44E34F9948}.Debug|x86.ActiveCfg = Debug|Any CPU
		{B3FC14C7-23BD-4990-B808-3C44E34F9948}.Debug|x86.Build.0 = Debug|Any CPU
		{B3FC14C7-23BD-4990-B808-3C44E34F9948}.Release|Any CPU.ActiveCfg = Release|Any CPU
		{B3FC14C7-23BD-4990-B808-3C44E34F9948}.Release|Any CPU.Build.0 = Release|Any CPU
		{B3FC14C7-23BD-4990-B808-3C44E34F9948}.Release|x64.ActiveCfg = Release|Any CPU
		{B3FC14C7-23BD-4990-B808-3C44E34F9948}.Release|x64.Build.0 = Release|Any CPU
		{B3FC14C7-23BD-4990-B808-3C44E34F9948}.Release|x86.ActiveCfg = Release|Any CPU
		{B3FC14C7-23BD-4990-B808-3C44E34F9948}.Release|x86.Build.0 = Release|Any CPU
		{EE45CEF9-FD1A-4855-8740-9AE305AB7B0C}.Debug|Any CPU.ActiveCfg = Debug|Any CPU
		{EE45CEF9-FD1A-4855-8740-9AE305AB7B0C}.Debug|Any CPU.Build.0 = Debug|Any CPU
		{EE45CEF9-FD1A-4855-8740-9AE305AB7B0C}.Debug|x64.ActiveCfg = Debug|Any CPU
		{EE45CEF9-FD1A-4855-8740-9AE305AB7B0C}.Debug|x64.Build.0 = Debug|Any CPU
		{EE45CEF9-FD1A-4855-8740-9AE305AB7B0C}.Debug|x86.ActiveCfg = Debug|Any CPU
		{EE45CEF9-FD1A-4855-8740-9AE305AB7B0C}.Debug|x86.Build.0 = Debug|Any CPU
		{EE45CEF9-FD1A-4855-8740-9AE305AB7B0C}.Release|Any CPU.ActiveCfg = Release|Any CPU
		{EE45CEF9-FD1A-4855-8740-9AE305AB7B0C}.Release|Any CPU.Build.0 = Release|Any CPU
		{EE45CEF9-FD1A-4855-8740-9AE305AB7B0C}.Release|x64.ActiveCfg = Release|Any CPU
		{EE45CEF9-FD1A-4855-8740-9AE305AB7B0C}.Release|x64.Build.0 = Release|Any CPU
		{EE45CEF9-FD1A-4855-8740-9AE305AB7B0C}.Release|x86.ActiveCfg = Release|Any CPU
		{EE45CEF9-FD1A-4855-8740-9AE305AB7B0C}.Release|x86.Build.0 = Release|Any CPU
	EndGlobalSection
	GlobalSection(SolutionProperties) = preSolution
		HideSolutionNode = FALSE
	EndGlobalSection
	GlobalSection(NestedProjects) = preSolution
		{D302A112-DB3D-4048-ADAD-1D34A2E3CC16} = {827E0CD3-B72D-47B6-A68D-7590B98EB39B}
		{3BE97C99-4964-4C8A-9CCE-E7C7D9939B20} = {827E0CD3-B72D-47B6-A68D-7590B98EB39B}
		{B3FC14C7-23BD-4990-B808-3C44E34F9948} = {827E0CD3-B72D-47B6-A68D-7590B98EB39B}
		{EE45CEF9-FD1A-4855-8740-9AE305AB7B0C} = {0AB3BF05-4346-4AA6-1389-037BE0695223}
	EndGlobalSection
EndGlobal
